
Microsoft Visual Studio Solution File, Format Version 12.00
# Visual Studio Version 17
VisualStudioVersion = 17.14.36518.9 d17.14
MinimumVisualStudioVersion = 10.0.40219.1
Project("{FAE04EC0-301F-11D3-BF4B-00C04F79EFBC}") = "calculator", "calculator\calculator.csproj", "{038C96A3-5D49-4CE6-8468-8A2DE80ADCA8}"
EndProject
Global
	GlobalSection(SolutionConfigurationPlatforms) = preSolution
		Debug|Any CPU = Debug|Any CPU
		Release|Any CPU = Release|Any CPU
	EndGlobalSection
	GlobalSection(ProjectConfigurationPlatforms) = postSolution
		{038C96A3-5D49-4CE6-8468-8A2DE80ADCA8}.Debug|Any CPU.ActiveCfg = Debug|Any CPU
		{038C96A3-5D49-4CE6-8468-8A2DE80ADCA8}.Debug|Any CPU.Build.0 = Debug|Any CPU
		{038C96A3-5D49-4CE6-8468-8A2DE80ADCA8}.Release|Any CPU.ActiveCfg = Release|Any CPU
		{038C96A3-5D49-4CE6-8468-8A2DE80ADCA8}.Release|Any CPU.Build.0 = Release|Any CPU
	EndGlobalSection
	GlobalSection(SolutionProperties) = preSolution
		HideSolutionNode = FALSE
	EndGlobalSection
	GlobalSection(ExtensibilityGlobals) = postSolution
		SolutionGuid = {6DFCE349-D0DF-4A10-955C-FC025AC7728C}
	EndGlobalSection
EndGlobal
